<?xml version="1.0" encoding="utf-8"?>
<Project ToolsVersion="4.0" xmlns="http://schemas.microsoft.com/developer/msbuild/2003">
  <ItemGroup>
    <ClCompile Include="Source\main.cpp" />
    <ClCompile Include="Source\Thread\Thread.cpp">
      <Filter>Thread</Filter>
    </ClCompile>
    <ClCompile Include="Source\System\WorkerThreadMgr.cpp">
      <Filter>System</Filter>
    </ClCompile>
    <ClCompile Include="Source\System\ConnectSystem.cpp">
      <Filter>System</Filter>
    </ClCompile>
    <ClCompile Include="Source\System\ClientMgr.cpp">
      <Filter>System</Filter>
    </ClCompile>
    <ClCompile Include="Source\Object\Player.cpp">
      <Filter>Object</Filter>
    </ClCompile>
  </ItemGroup>
  <ItemGroup>
    <Filter Include="Thread">
      <UniqueIdentifier>{8d18bc7d-8c47-417a-94fd-58426a31ae79}</UniqueIdentifier>
    </Filter>
    <Filter Include="System">
      <UniqueIdentifier>{79b56711-f4ca-4152-b7c9-04e3b76cbf9a}</UniqueIdentifier>
    </Filter>
    <Filter Include="Object">
      <UniqueIdentifier>{d7ca43ae-fee2-470b-a809-151e61fa3cbe}</UniqueIdentifier>
    </Filter>
  </ItemGroup>
  <ItemGroup>
    <ClInclude Include="Source\Thread\Thread.h">
      <Filter>Thread</Filter>
    </ClInclude>
    <ClInclude Include="Source\Thread\PacketStruct.h">
      <Filter>Thread</Filter>
    </ClInclude>
    <ClInclude Include="Source\System\WorkerThreadMgr.h">
      <Filter>System</Filter>
    </ClInclude>
    <ClInclude Include="Source\System\ConnectSystem.h">
      <Filter>System</Filter>
    </ClInclude>
    <ClInclude Include="Source\System\ClientMgr.h">
      <Filter>System</Filter>
    </ClInclude>
    <ClInclude Include="Source\Object\Player.h">
      <Filter>Object</Filter>
    </ClInclude>
    <ClInclude Include="Source\Global.h" />
  </ItemGroup>
</Project>