<?xml version="1.0" encoding="utf-8"?>
<Project ToolsVersion="4.0" xmlns="http://schemas.microsoft.com/developer/msbuild/2003">
  <ItemGroup>
    <ClCompile Include="Source\main.cpp" />
    <ClCompile Include="Source\Math\Math.cpp">
      <Filter>Math</Filter>
    </ClCompile>
    <ClCompile Include="Source\System\RWLock.cpp">
      <Filter>System</Filter>
    </ClCompile>
    <ClCompile Include="Source\System\mdump.cpp">
      <Filter>System</Filter>
    </ClCompile>
    <ClCompile Include="Source\System\Connect.cpp">
      <Filter>System</Filter>
    </ClCompile>
    <ClCompile Include="Source\System\MGR\ThreadMgr.cpp">
      <Filter>System\MGR</Filter>
    </ClCompile>
    <ClCompile Include="Source\System\MGR\EventMgr.cpp">
      <Filter>System\MGR</Filter>
    </ClCompile>
    <ClCompile Include="Source\Object\Player.cpp">
      <Filter>Object</Filter>
    </ClCompile>
    <ClCompile Include="Source\System\MGR\DataBaseMgr.cpp">
      <Filter>System\MGR</Filter>
    </ClCompile>
  </ItemGroup>
  <ItemGroup>
    <ClInclude Include="Source\Common.h" />
    <ClInclude Include="Source\Global.h" />
    <ClInclude Include="Source\PacketStruct.h" />
    <ClInclude Include="Source\Math\Math.h">
      <Filter>Math</Filter>
    </ClInclude>
    <ClInclude Include="Source\System\RWLock.h">
      <Filter>System</Filter>
    </ClInclude>
    <ClInclude Include="Source\System\mdump.h">
      <Filter>System</Filter>
    </ClInclude>
    <ClInclude Include="Source\System\Connect.h">
      <Filter>System</Filter>
    </ClInclude>
    <ClInclude Include="Source\System\MGR\ThreadMgr.h">
      <Filter>System\MGR</Filter>
    </ClInclude>
    <ClInclude Include="Source\System\MGR\ObjectMgrList.h">
      <Filter>System\MGR</Filter>
    </ClInclude>
    <ClInclude Include="Source\System\MGR\MTObjectMgr.h">
      <Filter>System\MGR</Filter>
    </ClInclude>
    <ClInclude Include="Source\System\MGR\EventMgr.h">
      <Filter>System\MGR</Filter>
    </ClInclude>
    <ClInclude Include="Source\Object\Player.h">
      <Filter>Object</Filter>
    </ClInclude>
    <ClInclude Include="Source\System\MGR\DataBaseMgr.h">
      <Filter>System\MGR</Filter>
    </ClInclude>
  </ItemGroup>
  <ItemGroup>
    <Filter Include="Math">
      <UniqueIdentifier>{22e74c1e-0fed-41ed-9bc2-3e3a7842b9cc}</UniqueIdentifier>
    </Filter>
    <Filter Include="System">
      <UniqueIdentifier>{76417616-6615-4eb3-b752-9c5984cab942}</UniqueIdentifier>
    </Filter>
    <Filter Include="System\MGR">
      <UniqueIdentifier>{056c85ab-4791-4dba-94e1-7599714fa693}</UniqueIdentifier>
    </Filter>
    <Filter Include="Object">
      <UniqueIdentifier>{c3901a7e-46bf-4938-b178-12d473313dca}</UniqueIdentifier>
    </Filter>
  </ItemGroup>
</Project>